// !$*UTF8*$!
{
	archiveVersion = 1;
	classes = {
	};
	objectVersion = 55;
	objects = {

/* Begin PBXBuildFile section */
		9C4AD5DC27BAD53100833D5D /* MainPresenter.swift in Sources */ = {isa = PBXBuildFile; fileRef = 9C4AD5DB27BAD53100833D5D /* MainPresenter.swift */; };
		9C52C0AA27B7A1A500A74B3C /* AppDelegate.swift in Sources */ = {isa = PBXBuildFile; fileRef = 9C52C0A927B7A1A500A74B3C /* AppDelegate.swift */; };
		9C52C0AC27B7A1A500A74B3C /* SceneDelegate.swift in Sources */ = {isa = PBXBuildFile; fileRef = 9C52C0AB27B7A1A500A74B3C /* SceneDelegate.swift */; };
		9C52C0AE27B7A1A500A74B3C /* MainViewController.swift in Sources */ = {isa = PBXBuildFile; fileRef = 9C52C0AD27B7A1A500A74B3C /* MainViewController.swift */; };
		9C52C0B127B7A1A500A74B3C /* Main.storyboard in Resources */ = {isa = PBXBuildFile; fileRef = 9C52C0AF27B7A1A500A74B3C /* Main.storyboard */; };
		9C52C0B327B7A1A600A74B3C /* Assets.xcassets in Resources */ = {isa = PBXBuildFile; fileRef = 9C52C0B227B7A1A600A74B3C /* Assets.xcassets */; };
		9C52C0B627B7A1A600A74B3C /* LaunchScreen.storyboard in Resources */ = {isa = PBXBuildFile; fileRef = 9C52C0B427B7A1A600A74B3C /* LaunchScreen.storyboard */; };
		9C69030C27BBCBD600FA5384 /* HistoryTableViewController.swift in Sources */ = {isa = PBXBuildFile; fileRef = 9C69030B27BBCBD500FA5384 /* HistoryTableViewController.swift */; };
		9C69031227BBD57600FA5384 /* StorageManager.swift in Sources */ = {isa = PBXBuildFile; fileRef = 9C69031127BBD57600FA5384 /* StorageManager.swift */; };
		9C69031627BBF85600FA5384 /* History.xcdatamodeld in Sources */ = {isa = PBXBuildFile; fileRef = 9C69031327BBF85600FA5384 /* History.xcdatamodeld */; };
		9C69031827BC03D300FA5384 /* HistoryPresenter.swift in Sources */ = {isa = PBXBuildFile; fileRef = 9C69031727BC03D300FA5384 /* HistoryPresenter.swift */; };
		9C817C1A27BB919100C743A0 /* OperationsType.swift in Sources */ = {isa = PBXBuildFile; fileRef = 9C817C1927BB919100C743A0 /* OperationsType.swift */; };
/* End PBXBuildFile section */

/* Begin PBXFileReference section */
		9C4AD5DB27BAD53100833D5D /* MainPresenter.swift */ = {isa = PBXFileReference; lastKnownFileType = sourcecode.swift; path = MainPresenter.swift; sourceTree = "<group>"; };
		9C52C0A627B7A1A500A74B3C /* Calculator.app */ = {isa = PBXFileReference; explicitFileType = wrapper.application; includeInIndex = 0; path = Calculator.app; sourceTree = BUILT_PRODUCTS_DIR; };
		9C52C0A927B7A1A500A74B3C /* AppDelegate.swift */ = {isa = PBXFileReference; lastKnownFileType = sourcecode.swift; path = AppDelegate.swift; sourceTree = "<group>"; };
		9C52C0AB27B7A1A500A74B3C /* SceneDelegate.swift */ = {isa = PBXFileReference; lastKnownFileType = sourcecode.swift; path = SceneDelegate.swift; sourceTree = "<group>"; };
		9C52C0AD27B7A1A500A74B3C /* MainViewController.swift */ = {isa = PBXFileReference; lastKnownFileType = sourcecode.swift; path = MainViewController.swift; sourceTree = "<group>"; };
		9C52C0B027B7A1A500A74B3C /* Base */ = {isa = PBXFileReference; lastKnownFileType = file.storyboard; name = Base; path = Base.lproj/Main.storyboard; sourceTree = "<group>"; };
		9C52C0B227B7A1A600A74B3C /* Assets.xcassets */ = {isa = PBXFileReference; lastKnownFileType = folder.assetcatalog; path = Assets.xcassets; sourceTree = "<group>"; };
		9C52C0B527B7A1A600A74B3C /* Base */ = {isa = PBXFileReference; lastKnownFileType = file.storyboard; name = Base; path = Base.lproj/LaunchScreen.storyboard; sourceTree = "<group>"; };
		9C52C0B727B7A1A600A74B3C /* Info.plist */ = {isa = PBXFileReference; lastKnownFileType = text.plist.xml; path = Info.plist; sourceTree = "<group>"; };
		9C69030B27BBCBD500FA5384 /* HistoryTableViewController.swift */ = {isa = PBXFileReference; lastKnownFileType = sourcecode.swift; path = HistoryTableViewController.swift; sourceTree = "<group>"; };
		9C69031127BBD57600FA5384 /* StorageManager.swift */ = {isa = PBXFileReference; lastKnownFileType = sourcecode.swift; path = StorageManager.swift; sourceTree = "<group>"; };
		9C69031427BBF85600FA5384 /* ResultsDataModel.xcdatamodel */ = {isa = PBXFileReference; lastKnownFileType = wrapper.xcdatamodel; path = ResultsDataModel.xcdatamodel; sourceTree = "<group>"; };
		9C69031527BBF85600FA5384 /* History.xcdatamodel */ = {isa = PBXFileReference; lastKnownFileType = wrapper.xcdatamodel; path = History.xcdatamodel; sourceTree = "<group>"; };
		9C69031727BC03D300FA5384 /* HistoryPresenter.swift */ = {isa = PBXFileReference; lastKnownFileType = sourcecode.swift; path = HistoryPresenter.swift; sourceTree = "<group>"; };
		9C817C1927BB919100C743A0 /* OperationsType.swift */ = {isa = PBXFileReference; lastKnownFileType = sourcecode.swift; path = OperationsType.swift; sourceTree = "<group>"; };
/* End PBXFileReference section */

/* Begin PBXFrameworksBuildPhase section */
		9C52C0A327B7A1A500A74B3C /* Frameworks */ = {
			isa = PBXFrameworksBuildPhase;
			buildActionMask = 2147483647;
			files = (
			);
			runOnlyForDeploymentPostprocessing = 0;
		};
/* End PBXFrameworksBuildPhase section */

/* Begin PBXGroup section */
		9C4AD5DA27BAD51800833D5D /* Presenters */ = {
			isa = PBXGroup;
			children = (
				9C4AD5DB27BAD53100833D5D /* MainPresenter.swift */,
				9C69031727BC03D300FA5384 /* HistoryPresenter.swift */,
			);
			path = Presenters;
			sourceTree = "<group>";
		};
		9C52C09D27B7A1A500A74B3C = {
			isa = PBXGroup;
			children = (
				9C52C0A827B7A1A500A74B3C /* Calculator */,
				9C52C0A727B7A1A500A74B3C /* Products */,
			);
			sourceTree = "<group>";
		};
		9C52C0A727B7A1A500A74B3C /* Products */ = {
			isa = PBXGroup;
			children = (
				9C52C0A627B7A1A500A74B3C /* Calculator.app */,
			);
			name = Products;
			sourceTree = "<group>";
		};
		9C52C0A827B7A1A500A74B3C /* Calculator */ = {
			isa = PBXGroup;
			children = (
				9C52C0BD27B7A1E100A74B3C /* ViewControllers */,
				9C4AD5DA27BAD51800833D5D /* Presenters */,
				9C69030D27BBD4A300FA5384 /* DataModel */,
				9C817C1827BB914F00C743A0 /* Services */,
				9C52C0BE27B7A1FD00A74B3C /* Storyboards */,
				9C52C0BF27B7A21500A74B3C /* Resources */,
				9C52C0C027B7A24700A74B3C /* App */,
			);
			path = Calculator;
			sourceTree = "<group>";
		};
		9C52C0BD27B7A1E100A74B3C /* ViewControllers */ = {
			isa = PBXGroup;
			children = (
				9C52C0AD27B7A1A500A74B3C /* MainViewController.swift */,
				9C69030B27BBCBD500FA5384 /* HistoryTableViewController.swift */,
			);
			path = ViewControllers;
			sourceTree = "<group>";
		};
		9C52C0BE27B7A1FD00A74B3C /* Storyboards */ = {
			isa = PBXGroup;
			children = (
				9C52C0AF27B7A1A500A74B3C /* Main.storyboard */,
				9C52C0B427B7A1A600A74B3C /* LaunchScreen.storyboard */,
			);
			path = Storyboards;
			sourceTree = "<group>";
		};
		9C52C0BF27B7A21500A74B3C /* Resources */ = {
			isa = PBXGroup;
			children = (
				9C52C0B227B7A1A600A74B3C /* Assets.xcassets */,
			);
			path = Resources;
			sourceTree = "<group>";
		};
		9C52C0C027B7A24700A74B3C /* App */ = {
			isa = PBXGroup;
			children = (
				9C52C0A927B7A1A500A74B3C /* AppDelegate.swift */,
				9C52C0AB27B7A1A500A74B3C /* SceneDelegate.swift */,
				9C52C0B727B7A1A600A74B3C /* Info.plist */,
			);
			path = App;
			sourceTree = "<group>";
		};
		9C69030D27BBD4A300FA5384 /* DataModel */ = {
			isa = PBXGroup;
			children = (
				9C69031327BBF85600FA5384 /* History.xcdatamodeld */,
			);
			path = DataModel;
			sourceTree = "<group>";
		};
		9C817C1827BB914F00C743A0 /* Services */ = {
			isa = PBXGroup;
			children = (
				9C817C1927BB919100C743A0 /* OperationsType.swift */,
				9C69031127BBD57600FA5384 /* StorageManager.swift */,
			);
			path = Services;
			sourceTree = "<group>";
		};
/* End PBXGroup section */

/* Begin PBXNativeTarget section */
		9C52C0A527B7A1A500A74B3C /* Calculator */ = {
			isa = PBXNativeTarget;
			buildConfigurationList = 9C52C0BA27B7A1A600A74B3C /* Build configuration list for PBXNativeTarget "Calculator" */;
			buildPhases = (
				9C52C0A227B7A1A500A74B3C /* Sources */,
				9C52C0A327B7A1A500A74B3C /* Frameworks */,
				9C52C0A427B7A1A500A74B3C /* Resources */,
			);
			buildRules = (
			);
			dependencies = (
			);
			name = Calculator;
			productName = Calculator;
			productReference = 9C52C0A627B7A1A500A74B3C /* Calculator.app */;
			productType = "com.apple.product-type.application";
		};
/* End PBXNativeTarget section */

/* Begin PBXProject section */
		9C52C09E27B7A1A500A74B3C /* Project object */ = {
			isa = PBXProject;
			attributes = {
				BuildIndependentTargetsInParallel = 1;
				LastSwiftUpdateCheck = 1300;
				LastUpgradeCheck = 1300;
				TargetAttributes = {
					9C52C0A527B7A1A500A74B3C = {
						CreatedOnToolsVersion = 13.0;
					};
				};
			};
			buildConfigurationList = 9C52C0A127B7A1A500A74B3C /* Build configuration list for PBXProject "Calculator" */;
			compatibilityVersion = "Xcode 13.0";
			developmentRegion = en;
			hasScannedForEncodings = 0;
			knownRegions = (
				en,
				Base,
			);
			mainGroup = 9C52C09D27B7A1A500A74B3C;
			productRefGroup = 9C52C0A727B7A1A500A74B3C /* Products */;
			projectDirPath = "";
			projectRoot = "";
			targets = (
				9C52C0A527B7A1A500A74B3C /* Calculator */,
			);
		};
/* End PBXProject section */

/* Begin PBXResourcesBuildPhase section */
		9C52C0A427B7A1A500A74B3C /* Resources */ = {
			isa = PBXResourcesBuildPhase;
			buildActionMask = 2147483647;
			files = (
				9C52C0B627B7A1A600A74B3C /* LaunchScreen.storyboard in Resources */,
				9C52C0B327B7A1A600A74B3C /* Assets.xcassets in Resources */,
				9C52C0B127B7A1A500A74B3C /* Main.storyboard in Resources */,
			);
			runOnlyForDeploymentPostprocessing = 0;
		};
/* End PBXResourcesBuildPhase section */

/* Begin PBXSourcesBuildPhase section */
		9C52C0A227B7A1A500A74B3C /* Sources */ = {
			isa = PBXSourcesBuildPhase;
			buildActionMask = 2147483647;
			files = (
				9C817C1A27BB919100C743A0 /* OperationsType.swift in Sources */,
				9C69031827BC03D300FA5384 /* HistoryPresenter.swift in Sources */,
				9C52C0AE27B7A1A500A74B3C /* MainViewController.swift in Sources */,
				9C69030C27BBCBD600FA5384 /* HistoryTableViewController.swift in Sources */,
				9C52C0AA27B7A1A500A74B3C /* AppDelegate.swift in Sources */,
				9C52C0AC27B7A1A500A74B3C /* SceneDelegate.swift in Sources */,
				9C4AD5DC27BAD53100833D5D /* MainPresenter.swift in Sources */,
				9C69031627BBF85600FA5384 /* History.xcdatamodeld in Sources */,
				9C69031227BBD57600FA5384 /* StorageManager.swift in Sources */,
			);
			runOnlyForDeploymentPostprocessing = 0;
		};
/* End PBXSourcesBuildPhase section */

/* Begin PBXVariantGroup section */
		9C52C0AF27B7A1A500A74B3C /* Main.storyboard */ = {
			isa = PBXVariantGroup;
			children = (
				9C52C0B027B7A1A500A74B3C /* Base */,
			);
			name = Main.storyboard;
			sourceTree = "<group>";
		};
		9C52C0B427B7A1A600A74B3C /* LaunchScreen.storyboard */ = {
			isa = PBXVariantGroup;
			children = (
				9C52C0B527B7A1A600A74B3C /* Base */,
			);
			name = LaunchScreen.storyboard;
			sourceTree = "<group>";
		};
/* End PBXVariantGroup section */

/* Begin XCBuildConfiguration section */
		9C52C0B827B7A1A600A74B3C /* Debug */ = {
			isa = XCBuildConfiguration;
			buildSettings = {
				ALWAYS_SEARCH_USER_PATHS = NO;
				CLANG_ANALYZER_NONNULL = YES;
				CLANG_ANALYZER_NUMBER_OBJECT_CONVERSION = YES_AGGRESSIVE;
				CLANG_CXX_LANGUAGE_STANDARD = "gnu++17";
				CLANG_CXX_LIBRARY = "libc++";
				CLANG_ENABLE_MODULES = YES;
				CLANG_ENABLE_OBJC_ARC = YES;
				CLANG_ENABLE_OBJC_WEAK = YES;
				CLANG_WARN_BLOCK_CAPTURE_AUTORELEASING = YES;
				CLANG_WARN_BOOL_CONVERSION = YES;
				CLANG_WARN_COMMA = YES;
				CLANG_WARN_CONSTANT_CONVERSION = YES;
				CLANG_WARN_DEPRECATED_OBJC_IMPLEMENTATIONS = YES;
				CLANG_WARN_DIRECT_OBJC_ISA_USAGE = YES_ERROR;
				CLANG_WARN_DOCUMENTATION_COMMENTS = YES;
				CLANG_WARN_EMPTY_BODY = YES;
				CLANG_WARN_ENUM_CONVERSION = YES;
				CLANG_WARN_INFINITE_RECURSION = YES;
				CLANG_WARN_INT_CONVERSION = YES;
				CLANG_WARN_NON_LITERAL_NULL_CONVERSION = YES;
				CLANG_WARN_OBJC_IMPLICIT_RETAIN_SELF = YES;
				CLANG_WARN_OBJC_LITERAL_CONVERSION = YES;
				CLANG_WARN_OBJC_ROOT_CLASS = YES_ERROR;
				CLANG_WARN_QUOTED_INCLUDE_IN_FRAMEWORK_HEADER = YES;
				CLANG_WARN_RANGE_LOOP_ANALYSIS = YES;
				CLANG_WARN_STRICT_PROTOTYPES = YES;
				CLANG_WARN_SUSPICIOUS_MOVE = YES;
				CLANG_WARN_UNGUARDED_AVAILABILITY = YES_AGGRESSIVE;
				CLANG_WARN_UNREACHABLE_CODE = YES;
				CLANG_WARN__DUPLICATE_METHOD_MATCH = YES;
				COPY_PHASE_STRIP = NO;
				DEBUG_INFORMATION_FORMAT = dwarf;
				ENABLE_STRICT_OBJC_MSGSEND = YES;
				ENABLE_TESTABILITY = YES;
				GCC_C_LANGUAGE_STANDARD = gnu11;
				GCC_DYNAMIC_NO_PIC = NO;
				GCC_NO_COMMON_BLOCKS = YES;
				GCC_OPTIMIZATION_LEVEL = 0;
				GCC_PREPROCESSOR_DEFINITIONS = (
					"DEBUG=1",
					"$(inherited)",
				);
				GCC_WARN_64_TO_32_BIT_CONVERSION = YES;
				GCC_WARN_ABOUT_RETURN_TYPE = YES_ERROR;
				GCC_WARN_UNDECLARED_SELECTOR = YES;
				GCC_WARN_UNINITIALIZED_AUTOS = YES_AGGRESSIVE;
				GCC_WARN_UNUSED_FUNCTION = YES;
				GCC_WARN_UNUSED_VARIABLE = YES;
				IPHONEOS_DEPLOYMENT_TARGET = 13.0;
				MTL_ENABLE_DEBUG_INFO = INCLUDE_SOURCE;
				MTL_FAST_MATH = YES;
				ONLY_ACTIVE_ARCH = YES;
				SDKROOT = iphoneos;
				SWIFT_ACTIVE_COMPILATION_CONDITIONS = DEBUG;
				SWIFT_OPTIMIZATION_LEVEL = "-Onone";
			};
			name = Debug;
		};
		9C52C0B927B7A1A600A74B3C /* Release */ = {
			isa = XCBuildConfiguration;
			buildSettings = {
				ALWAYS_SEARCH_USER_PATHS = NO;
				CLANG_ANALYZER_NONNULL = YES;
				CLANG_ANALYZER_NUMBER_OBJECT_CONVERSION = YES_AGGRESSIVE;
				CLANG_CXX_LANGUAGE_STANDARD = "gnu++17";
				CLANG_CXX_LIBRARY = "libc++";
				CLANG_ENABLE_MODULES = YES;
				CLANG_ENABLE_OBJC_ARC = YES;
				CLANG_ENABLE_OBJC_WEAK = YES;
				CLANG_WARN_BLOCK_CAPTURE_AUTORELEASING = YES;
				CLANG_WARN_BOOL_CONVERSION = YES;
				CLANG_WARN_COMMA = YES;
				CLANG_WARN_CONSTANT_CONVERSION = YES;
				CLANG_WARN_DEPRECATED_OBJC_IMPLEMENTATIONS = YES;
				CLANG_WARN_DIRECT_OBJC_ISA_USAGE = YES_ERROR;
				CLANG_WARN_DOCUMENTATION_COMMENTS = YES;
				CLANG_WARN_EMPTY_BODY = YES;
				CLANG_WARN_ENUM_CONVERSION = YES;
				CLANG_WARN_INFINITE_RECURSION = YES;
				CLANG_WARN_INT_CONVERSION = YES;
				CLANG_WARN_NON_LITERAL_NULL_CONVERSION = YES;
				CLANG_WARN_OBJC_IMPLICIT_RETAIN_SELF = YES;
				CLANG_WARN_OBJC_LITERAL_CONVERSION = YES;
				CLANG_WARN_OBJC_ROOT_CLASS = YES_ERROR;
				CLANG_WARN_QUOTED_INCLUDE_IN_FRAMEWORK_HEADER = YES;
				CLANG_WARN_RANGE_LOOP_ANALYSIS = YES;
				CLANG_WARN_STRICT_PROTOTYPES = YES;
				CLANG_WARN_SUSPICIOUS_MOVE = YES;
				CLANG_WARN_UNGUARDED_AVAILABILITY = YES_AGGRESSIVE;
				CLANG_WARN_UNREACHABLE_CODE = YES;
				CLANG_WARN__DUPLICATE_METHOD_MATCH = YES;
				COPY_PHASE_STRIP = NO;
				DEBUG_INFORMATION_FORMAT = "dwarf-with-dsym";
				ENABLE_NS_ASSERTIONS = NO;
				ENABLE_STRICT_OBJC_MSGSEND = YES;
				GCC_C_LANGUAGE_STANDARD = gnu11;
				GCC_NO_COMMON_BLOCKS = YES;
				GCC_WARN_64_TO_32_BIT_CONVERSION = YES;
				GCC_WARN_ABOUT_RETURN_TYPE = YES_ERROR;
				GCC_WARN_UNDECLARED_SELECTOR = YES;
				GCC_WARN_UNINITIALIZED_AUTOS = YES_AGGRESSIVE;
				GCC_WARN_UNUSED_FUNCTION = YES;
				GCC_WARN_UNUSED_VARIABLE = YES;
				IPHONEOS_DEPLOYMENT_TARGET = 13.0;
				MTL_ENABLE_DEBUG_INFO = NO;
				MTL_FAST_MATH = YES;
				SDKROOT = iphoneos;
				SWIFT_COMPILATION_MODE = wholemodule;
				SWIFT_OPTIMIZATION_LEVEL = "-O";
				VALIDATE_PRODUCT = YES;
			};
			name = Release;
		};
		9C52C0BB27B7A1A600A74B3C /* Debug */ = {
			isa = XCBuildConfiguration;
			buildSettings = {
				ASSETCATALOG_COMPILER_APPICON_NAME = AppIcon;
				ASSETCATALOG_COMPILER_GLOBAL_ACCENT_COLOR_NAME = AccentColor;
				CODE_SIGN_STYLE = Automatic;
				CURRENT_PROJECT_VERSION = 1;
				DEVELOPMENT_TEAM = JCDM2HMWLU;
				GENERATE_INFOPLIST_FILE = YES;
				INFOPLIST_FILE = Calculator/App/Info.plist;
				INFOPLIST_KEY_UIApplicationSupportsIndirectInputEvents = YES;
				INFOPLIST_KEY_UILaunchStoryboardName = LaunchScreen;
				INFOPLIST_KEY_UIMainStoryboardFile = Main;
				INFOPLIST_KEY_UISupportedInterfaceOrientations_iPad = "UIInterfaceOrientationPortrait UIInterfaceOrientationPortraitUpsideDown UIInterfaceOrientationLandscapeLeft UIInterfaceOrientationLandscapeRight";
				INFOPLIST_KEY_UISupportedInterfaceOrientations_iPhone = "UIInterfaceOrientationPortrait UIInterfaceOrientationLandscapeLeft UIInterfaceOrientationLandscapeRight";
				IPHONEOS_DEPLOYMENT_TARGET = 13.0;
				LD_RUNPATH_SEARCH_PATHS = (
					"$(inherited)",
					"@executable_path/Frameworks",
				);
				MARKETING_VERSION = 1.0;
				PRODUCT_BUNDLE_IDENTIFIER = com.AnatoliiMironov.Calculator;
				PRODUCT_NAME = "$(TARGET_NAME)";
				SWIFT_EMIT_LOC_STRINGS = YES;
				SWIFT_VERSION = 5.0;
				TARGETED_DEVICE_FAMILY = "1,2";
			};
			name = Debug;
		};
		9C52C0BC27B7A1A600A74B3C /* Release */ = {
			isa = XCBuildConfiguration;
			buildSettings = {
				ASSETCATALOG_COMPILER_APPICON_NAME = AppIcon;
				ASSETCATALOG_COMPILER_GLOBAL_ACCENT_COLOR_NAME = AccentColor;
				CODE_SIGN_STYLE = Automatic;
				CURRENT_PROJECT_VERSION = 1;
				DEVELOPMENT_TEAM = JCDM2HMWLU;
				GENERATE_INFOPLIST_FILE = YES;
				INFOPLIST_FILE = Calculator/App/Info.plist;
				INFOPLIST_KEY_UIApplicationSupportsIndirectInputEvents = YES;
				INFOPLIST_KEY_UILaunchStoryboardName = LaunchScreen;
				INFOPLIST_KEY_UIMainStoryboardFile = Main;
				INFOPLIST_KEY_UISupportedInterfaceOrientations_iPad = "UIInterfaceOrientationPortrait UIInterfaceOrientationPortraitUpsideDown UIInterfaceOrientationLandscapeLeft UIInterfaceOrientationLandscapeRight";
				INFOPLIST_KEY_UISupportedInterfaceOrientations_iPhone = "UIInterfaceOrientationPortrait UIInterfaceOrientationLandscapeLeft UIInterfaceOrientationLandscapeRight";
				IPHONEOS_DEPLOYMENT_TARGET = 13.0;
				LD_RUNPATH_SEARCH_PATHS = (
					"$(inherited)",
					"@executable_path/Frameworks",
				);
				MARKETING_VERSION = 1.0;
				PRODUCT_BUNDLE_IDENTIFIER = com.AnatoliiMironov.Calculator;
				PRODUCT_NAME = "$(TARGET_NAME)";
				SWIFT_EMIT_LOC_STRINGS = YES;
				SWIFT_VERSION = 5.0;
				TARGETED_DEVICE_FAMILY = "1,2";
			};
			name = Release;
		};
/* End XCBuildConfiguration section */

/* Begin XCConfigurationList section */
		9C52C0A127B7A1A500A74B3C /* Build configuration list for PBXProject "Calculator" */ = {
			isa = XCConfigurationList;
			buildConfigurations = (
				9C52C0B827B7A1A600A74B3C /* Debug */,
				9C52C0B927B7A1A600A74B3C /* Release */,
			);
			defaultConfigurationIsVisible = 0;
			defaultConfigurationName = Release;
		};
		9C52C0BA27B7A1A600A74B3C /* Build configuration list for PBXNativeTarget "Calculator" */ = {
			isa = XCConfigurationList;
			buildConfigurations = (
				9C52C0BB27B7A1A600A74B3C /* Debug */,
				9C52C0BC27B7A1A600A74B3C /* Release */,
			);
			defaultConfigurationIsVisible = 0;
			defaultConfigurationName = Release;
		};
/* End XCConfigurationList section */

/* Begin XCVersionGroup section */
		9C69031327BBF85600FA5384 /* History.xcdatamodeld */ = {
			isa = XCVersionGroup;
			children = (
				9C69031427BBF85600FA5384 /* ResultsDataModel.xcdatamodel */,
				9C69031527BBF85600FA5384 /* History.xcdatamodel */,
			);
			currentVersion = 9C69031427BBF85600FA5384 /* ResultsDataModel.xcdatamodel */;
			path = History.xcdatamodeld;
			sourceTree = "<group>";
			versionGroupType = wrapper.xcdatamodel;
		};
/* End XCVersionGroup section */
	};
	rootObject = 9C52C09E27B7A1A500A74B3C /* Project object */;
}
